
Microsoft Visual Studio Solution File, Format Version 12.00
# Visual Studio Version 17
VisualStudioVersion = 17.0.32014.148
MinimumVisualStudioVersion = 10.0.40219.1
Project("{2150E333-8FDC-42A3-9474-1A3956D46DE8}") = "src", "src", "{B34EC6EA-6D20-4227-9A74-39BDC6811CE0}"
EndProject
Project("{2150E333-8FDC-42A3-9474-1A3956D46DE8}") = "test", "test", "{A24AABED-A831-4EDA-80DC-0A0E24E79E06}"
EndProject
Project("{2150E333-8FDC-42A3-9474-1A3956D46DE8}") = "API", "API", "{52388D87-FB9F-4540-9423-AA768F759C7C}"
EndProject
Project("{2150E333-8FDC-42A3-9474-1A3956D46DE8}") = "Core", "Core", "{8A9250A0-01E2-4B80-BC0E-CE4900277EDE}"
EndProject
Project("{2150E333-8FDC-42A3-9474-1A3956D46DE8}") = "Infrastructure", "Infrastructure", "{F6454C54-FC6D-4ABB-9258-7010560A645C}"
EndProject
Project("{2150E333-8FDC-42A3-9474-1A3956D46DE8}") = "UI", "UI", "{2C1A685F-9984-486A-82A1-95DBC0DF83E0}"
EndProject
Project("{9A19103F-16F7-4668-BE54-9A1E7A4F7556}") = "GloboTicket.TicketManagement.Domain", "GloboTicket.TicketManagement.Domain\GloboTicket.TicketManagement.Domain.csproj", "{D0B05305-1206-4922-8A41-F40B00408EC5}"
EndProject
Project("{9A19103F-16F7-4668-BE54-9A1E7A4F7556}") = "GloboTicket.TicketManagement.Application", "GloboTicket.TicketManagement.Application\GloboTicket.TicketManagement.Application.csproj", "{4319CDDB-B8F1-45A1-80CB-F202C237DB39}"
EndProject
Project("{9A19103F-16F7-4668-BE54-9A1E7A4F7556}") = "GloboTicket.TicketManagement.Persistence", "GloboTicket.TicketManagement.Persistence\GloboTicket.TicketManagement.Persistence.csproj", "{F4FA3B62-1A3D-4DE0-9F7A-D4E7990B3536}"
EndProject
Project("{9A19103F-16F7-4668-BE54-9A1E7A4F7556}") = "GloboTicket.TicketManagement.Infrastructure", "GloboTicket.TicketManagement.Infrastructure\GloboTicket.TicketManagement.Infrastructure.csproj", "{00D759FB-09E8-4232-8C19-60B68BD00C0E}"
EndProject
Project("{FAE04EC0-301F-11D3-BF4B-00C04F79EFBC}") = "GloboTicket.TicketManagement.Api", "GloboTicket.TicketManagement.Api\GloboTicket.TicketManagement.Api.csproj", "{49848057-D5A7-4514-87CB-033B8E9E9089}"
EndProject
Global
	GlobalSection(SolutionConfigurationPlatforms) = preSolution
		Debug|Any CPU = Debug|Any CPU
		Release|Any CPU = Release|Any CPU
	EndGlobalSection
	GlobalSection(ProjectConfigurationPlatforms) = postSolution
		{D0B05305-1206-4922-8A41-F40B00408EC5}.Debug|Any CPU.ActiveCfg = Debug|Any CPU
		{D0B05305-1206-4922-8A41-F40B00408EC5}.Debug|Any CPU.Build.0 = Debug|Any CPU
		{D0B05305-1206-4922-8A41-F40B00408EC5}.Release|Any CPU.ActiveCfg = Release|Any CPU
		{D0B05305-1206-4922-8A41-F40B00408EC5}.Release|Any CPU.Build.0 = Release|Any CPU
		{4319CDDB-B8F1-45A1-80CB-F202C237DB39}.Debug|Any CPU.ActiveCfg = Debug|Any CPU
		{4319CDDB-B8F1-45A1-80CB-F202C237DB39}.Debug|Any CPU.Build.0 = Debug|Any CPU
		{4319CDDB-B8F1-45A1-80CB-F202C237DB39}.Release|Any CPU.ActiveCfg = Release|Any CPU
		{4319CDDB-B8F1-45A1-80CB-F202C237DB39}.Release|Any CPU.Build.0 = Release|Any CPU
		{F4FA3B62-1A3D-4DE0-9F7A-D4E7990B3536}.Debug|Any CPU.ActiveCfg = Debug|Any CPU
		{F4FA3B62-1A3D-4DE0-9F7A-D4E7990B3536}.Debug|Any CPU.Build.0 = Debug|Any CPU
		{F4FA3B62-1A3D-4DE0-9F7A-D4E7990B3536}.Release|Any CPU.ActiveCfg = Release|Any CPU
		{F4FA3B62-1A3D-4DE0-9F7A-D4E7990B3536}.Release|Any CPU.Build.0 = Release|Any CPU
		{00D759FB-09E8-4232-8C19-60B68BD00C0E}.Debug|Any CPU.ActiveCfg = Debug|Any CPU
		{00D759FB-09E8-4232-8C19-60B68BD00C0E}.Debug|Any CPU.Build.0 = Debug|Any CPU
		{00D759FB-09E8-4232-8C19-60B68BD00C0E}.Release|Any CPU.ActiveCfg = Release|Any CPU
		{00D759FB-09E8-4232-8C19-60B68BD00C0E}.Release|Any CPU.Build.0 = Release|Any CPU
		{49848057-D5A7-4514-87CB-033B8E9E9089}.Debug|Any CPU.ActiveCfg = Debug|Any CPU
		{49848057-D5A7-4514-87CB-033B8E9E9089}.Debug|Any CPU.Build.0 = Debug|Any CPU
		{49848057-D5A7-4514-87CB-033B8E9E9089}.Release|Any CPU.ActiveCfg = Release|Any CPU
		{49848057-D5A7-4514-87CB-033B8E9E9089}.Release|Any CPU.Build.0 = Release|Any CPU
	EndGlobalSection
	GlobalSection(SolutionProperties) = preSolution
		HideSolutionNode = FALSE
	EndGlobalSection
	GlobalSection(NestedProjects) = preSolution
		{52388D87-FB9F-4540-9423-AA768F759C7C} = {B34EC6EA-6D20-4227-9A74-39BDC6811CE0}
		{8A9250A0-01E2-4B80-BC0E-CE4900277EDE} = {B34EC6EA-6D20-4227-9A74-39BDC6811CE0}
		{F6454C54-FC6D-4ABB-9258-7010560A645C} = {B34EC6EA-6D20-4227-9A74-39BDC6811CE0}
		{2C1A685F-9984-486A-82A1-95DBC0DF83E0} = {B34EC6EA-6D20-4227-9A74-39BDC6811CE0}
		{D0B05305-1206-4922-8A41-F40B00408EC5} = {8A9250A0-01E2-4B80-BC0E-CE4900277EDE}
		{4319CDDB-B8F1-45A1-80CB-F202C237DB39} = {8A9250A0-01E2-4B80-BC0E-CE4900277EDE}
		{F4FA3B62-1A3D-4DE0-9F7A-D4E7990B3536} = {F6454C54-FC6D-4ABB-9258-7010560A645C}
		{00D759FB-09E8-4232-8C19-60B68BD00C0E} = {F6454C54-FC6D-4ABB-9258-7010560A645C}
		{49848057-D5A7-4514-87CB-033B8E9E9089} = {52388D87-FB9F-4540-9423-AA768F759C7C}
	EndGlobalSection
	GlobalSection(ExtensibilityGlobals) = postSolution
		SolutionGuid = {B4E7341D-0176-4689-88B6-A73DA42D4CEA}
	EndGlobalSection
EndGlobal
